
Microsoft Visual Studio Solution File, Format Version 12.00
# Visual Studio 15
VisualStudioVersion = 15.0.27703.2047
MinimumVisualStudioVersion = 10.0.40219.1
Project("{FAE04EC0-301F-11D3-BF4B-00C04F79EFBC}") = "K19-CopaDoMundo", "K19-CopaDoMundo\K19-CopaDoMundo.csproj", "{934A033B-997D-4FA4-BF97-D0724E5379BE}"
EndProject
Global
	GlobalSection(SolutionConfigurationPlatforms) = preSolution
		Debug|Any CPU = Debug|Any CPU
		Release|Any CPU = Release|Any CPU
	EndGlobalSection
	GlobalSection(ProjectConfigurationPlatforms) = postSolution
		{934A033B-997D-4FA4-BF97-D0724E5379BE}.Debug|Any CPU.ActiveCfg = Debug|Any CPU
		{934A033B-997D-4FA4-BF97-D0724E5379BE}.Debug|Any CPU.Build.0 = Debug|Any CPU
		{934A033B-997D-4FA4-BF97-D0724E5379BE}.Release|Any CPU.ActiveCfg = Release|Any CPU
		{934A033B-997D-4FA4-BF97-D0724E5379BE}.Release|Any CPU.Build.0 = Release|Any CPU
	EndGlobalSection
	GlobalSection(SolutionProperties) = preSolution
		HideSolutionNode = FALSE
	EndGlobalSection
	GlobalSection(ExtensibilityGlobals) = postSolution
		SolutionGuid = {06432791-2454-4EC3-9D94-87CF9F14F0DF}
	EndGlobalSection
EndGlobal
